
Microsoft Visual Studio Solution File, Format Version 12.00
# Visual Studio 15
VisualStudioVersion = 15.0.28307.1778
MinimumVisualStudioVersion = 10.0.40219.1
Project("{FAE04EC0-301F-11D3-BF4B-00C04F79EFBC}") = "CompiladoNew", "..\CompiladoNew\CompiladoNew.csproj", "{24C53F65-079C-4B3E-8A2A-379F97F05CCE}"
EndProject
Project("{FAE04EC0-301F-11D3-BF4B-00C04F79EFBC}") = "CapaDatos", "CapaDatos\CapaDatos.csproj", "{550D9EF8-754E-4293-A366-56950BE403E0}"
EndProject
Global
	GlobalSection(SolutionConfigurationPlatforms) = preSolution
		Debug|Any CPU = Debug|Any CPU
		Release|Any CPU = Release|Any CPU
	EndGlobalSection
	GlobalSection(ProjectConfigurationPlatforms) = postSolution
		{24C53F65-079C-4B3E-8A2A-379F97F05CCE}.Debug|Any CPU.ActiveCfg = Debug|Any CPU
		{24C53F65-079C-4B3E-8A2A-379F97F05CCE}.Debug|Any CPU.Build.0 = Debug|Any CPU
		{24C53F65-079C-4B3E-8A2A-379F97F05CCE}.Release|Any CPU.ActiveCfg = Release|Any CPU
		{24C53F65-079C-4B3E-8A2A-379F97F05CCE}.Release|Any CPU.Build.0 = Release|Any CPU
		{550D9EF8-754E-4293-A366-56950BE403E0}.Debug|Any CPU.ActiveCfg = Debug|Any CPU
		{550D9EF8-754E-4293-A366-56950BE403E0}.Debug|Any CPU.Build.0 = Debug|Any CPU
		{550D9EF8-754E-4293-A366-56950BE403E0}.Release|Any CPU.ActiveCfg = Release|Any CPU
		{550D9EF8-754E-4293-A366-56950BE403E0}.Release|Any CPU.Build.0 = Release|Any CPU
	EndGlobalSection
	GlobalSection(SolutionProperties) = preSolution
		HideSolutionNode = FALSE
	EndGlobalSection
	GlobalSection(ExtensibilityGlobals) = postSolution
		SolutionGuid = {8AD35601-A0AB-4F6D-948D-EE81932B9E30}
	EndGlobalSection
EndGlobal
